
Microsoft Visual Studio Solution File, Format Version 12.00
# Visual Studio Version 16
VisualStudioVersion = 16.0.33529.622
MinimumVisualStudioVersion = 10.0.40219.1
Project("{FAE04EC0-301F-11D3-BF4B-00C04F79EFBC}") = "Project_JS", "Project_JS\Project_JS.csproj", "{45EA15BA-D002-480D-BA20-E7CD2FC5F72F}"
EndProject
Global
	GlobalSection(SolutionConfigurationPlatforms) = preSolution
		Debug|Any CPU = Debug|Any CPU
		Release|Any CPU = Release|Any CPU
	EndGlobalSection
	GlobalSection(ProjectConfigurationPlatforms) = postSolution
		{45EA15BA-D002-480D-BA20-E7CD2FC5F72F}.Debug|Any CPU.ActiveCfg = Debug|Any CPU
		{45EA15BA-D002-480D-BA20-E7CD2FC5F72F}.Debug|Any CPU.Build.0 = Debug|Any CPU
		{45EA15BA-D002-480D-BA20-E7CD2FC5F72F}.Release|Any CPU.ActiveCfg = Release|Any CPU
		{45EA15BA-D002-480D-BA20-E7CD2FC5F72F}.Release|Any CPU.Build.0 = Release|Any CPU
	EndGlobalSection
	GlobalSection(SolutionProperties) = preSolution
		HideSolutionNode = FALSE
	EndGlobalSection
	GlobalSection(ExtensibilityGlobals) = postSolution
		SolutionGuid = {FCFFFA9A-7511-4ABA-A534-BF1F65F82C9C}
	EndGlobalSection
EndGlobal
